{
  "lockfile_version": "1",
  "packages": {
    "github:NixOS/nixpkgs/nixpkgs-unstable": {
      "resolved": "github:NixOS/nixpkgs/1750f3c1c89488e2ffdd47cab9d05454dddfb734?lastModified=1742800061&narHash=sha256-oDJGK1UMArK52vcW9S5S2apeec4rbfNELgc50LqiPNs%3D"
    },
    "nodejs@22": {
      "last_modified": "2025-03-11T17:52:14Z",
      "plugin_version": "0.0.2",
      "resolved": "github:NixOS/nixpkgs/0d534853a55b5d02a4ababa1d71921ce8f0aee4c#nodejs_22",
      "source": "devbox-search",
      "version": "22.14.0",
      "systems": {
        "aarch64-darwin": {
          "outputs": [
            {
              "name": "out",
              "path": "/nix/store/gxr9abzyqmva25p3k142qs1djj9q5fqw-nodejs-22.14.0",
              "default": true
            },
            {
              "name": "libv8",
              "path": "/nix/store/q6xnd2kar3sh0jnwic7z2k0fm3450xrs-nodejs-22.14.0-libv8"
            }
          ],
          "store_path": "/nix/store/gxr9abzyqmva25p3k142qs1djj9q5fqw-nodejs-22.14.0"
        },
        "aarch64-linux": {
          "outputs": [
            {
              "name": "out",
              "path": "/nix/store/5baih13vgavgia3889wsvh4n4z0mkawd-nodejs-22.14.0",
              "default": true
            },
            {
              "name": "libv8",
              "path": "/nix/store/5qv5cl1s9hjhyjhd4nmgndf1ccf3mc4r-nodejs-22.14.0-libv8"
            }
          ],
          "store_path": "/nix/store/5baih13vgavgia3889wsvh4n4z0mkawd-nodejs-22.14.0"
        },
        "x86_64-darwin": {
          "outputs": [
            {
              "name": "out",
              "path": "/nix/store/8b56xv3fa7v0w0kpr2yvkxq6cb2kknd0-nodejs-22.14.0",
              "default": true
            },
            {
              "name": "libv8",
              "path": "/nix/store/jg0m7pq2hvqrkm1vx22sghqvc9vnn35h-nodejs-22.14.0-libv8"
            }
          ],
          "store_path": "/nix/store/8b56xv3fa7v0w0kpr2yvkxq6cb2kknd0-nodejs-22.14.0"
        },
        "x86_64-linux": {
          "outputs": [
            {
              "name": "out",
              "path": "/nix/store/87hsv7pc321h80j7223209nxc8vmabqb-nodejs-22.14.0",
              "default": true
            },
            {
              "name": "libv8",
              "path": "/nix/store/hs3x57x6gw75sgwa081d3ir63rz7phmb-nodejs-22.14.0-libv8"
            }
          ],
          "store_path": "/nix/store/87hsv7pc321h80j7223209nxc8vmabqb-nodejs-22.14.0"
        }
      }
    },
    "pre-commit@latest": {
      "last_modified": "2025-03-19T06:05:51Z",
      "resolved": "github:NixOS/nixpkgs/44e422ba8ed1bdec9620b0733601669972f91170#pre-commit",
      "source": "devbox-search",
      "version": "4.0.1",
      "systems": {
        "aarch64-darwin": {
          "outputs": [
            {
              "name": "out",
              "path": "/nix/store/zdylw97pgqkwin28i7hf1qriym6fkbjq-pre-commit-4.0.1",
              "default": true
            },
            {
              "name": "dist",
              "path": "/nix/store/kd552yxp9vl688yqkk0y1w8qmlg7417h-pre-commit-4.0.1-dist"
            }
          ],
          "store_path": "/nix/store/zdylw97pgqkwin28i7hf1qriym6fkbjq-pre-commit-4.0.1"
        },
        "aarch64-linux": {
          "outputs": [
            {
              "name": "out",
              "path": "/nix/store/czkda43s9pi419ywm8mwyicfz0hixc0r-pre-commit-4.0.1",
              "default": true
            },
            {
              "name": "dist",
              "path": "/nix/store/1nc11pw86savx37n9067k591pr2bsmjj-pre-commit-4.0.1-dist"
            }
          ],
          "store_path": "/nix/store/czkda43s9pi419ywm8mwyicfz0hixc0r-pre-commit-4.0.1"
        },
        "x86_64-darwin": {
          "outputs": [
            {
              "name": "out",
              "path": "/nix/store/nqbxjpv6aigfxry690spcfl61nrcnir2-pre-commit-4.0.1",
              "default": true
            },
            {
              "name": "dist",
              "path": "/nix/store/4gm9h9v22d96pghbidfnl4gjqf8ls3ir-pre-commit-4.0.1-dist"
            }
          ],
          "store_path": "/nix/store/nqbxjpv6aigfxry690spcfl61nrcnir2-pre-commit-4.0.1"
        },
        "x86_64-linux": {
          "outputs": [
            {
              "name": "out",
              "path": "/nix/store/gpdrakayg9zgmyqqxzfj8b9ndxyxb6ka-pre-commit-4.0.1",
              "default": true
            },
            {
              "name": "dist",
              "path": "/nix/store/5by2443vzdhfpyxhhmasmw91iqvrkp3l-pre-commit-4.0.1-dist"
            }
          ],
          "store_path": "/nix/store/gpdrakayg9zgmyqqxzfj8b9ndxyxb6ka-pre-commit-4.0.1"
        }
      }
    },
    "yarn@latest": {
      "last_modified": "2025-03-11T17:52:14Z",
      "resolved": "github:NixOS/nixpkgs/0d534853a55b5d02a4ababa1d71921ce8f0aee4c#yarn",
      "source": "devbox-search",
      "version": "1.22.22",
      "systems": {
        "aarch64-darwin": {
          "outputs": [
            {
              "name": "out",
              "path": "/nix/store/bgyc68xwc81pcwkcfn9n9zngs794y826-yarn-1.22.22",
              "default": true
            }
          ],
          "store_path": "/nix/store/bgyc68xwc81pcwkcfn9n9zngs794y826-yarn-1.22.22"
        },
        "aarch64-linux": {
          "outputs": [
            {
              "name": "out",
              "path": "/nix/store/sikfg44rhj0rs8r1c13p8wyckhbqgfl2-yarn-1.22.22",
              "default": true
            }
          ],
          "store_path": "/nix/store/sikfg44rhj0rs8r1c13p8wyckhbqgfl2-yarn-1.22.22"
        },
        "x86_64-darwin": {
          "outputs": [
            {
              "name": "out",
              "path": "/nix/store/6wjp7ng9yrnm4rz30dzazq7jgg6fcf6f-yarn-1.22.22",
              "default": true
            }
          ],
          "store_path": "/nix/store/6wjp7ng9yrnm4rz30dzazq7jgg6fcf6f-yarn-1.22.22"
        },
        "x86_64-linux": {
          "outputs": [
            {
              "name": "out",
              "path": "/nix/store/wsw5shzh91x7vzqm9lbivd3rm64xa1ps-yarn-1.22.22",
              "default": true
            }
          ],
          "store_path": "/nix/store/wsw5shzh91x7vzqm9lbivd3rm64xa1ps-yarn-1.22.22"
        }
      }
    }
  }
}
